{
  "version": 1,
  "dependencies": {
    "net8.0-windows7.0": {
      "Gandi": {
        "type": "Direct",
        "requested": "[1.1.2, )",
        "resolved": "1.1.2",
        "contentHash": "6QE+NLF9GYV6ZJDzXSg2xMsbcWLiKQDI9rMwhK3pWd+dQKC4uzu34o8xq55As9ThkHS9Ij8E2aPukhMClYV0VQ==",
        "dependencies": {
          "Unfucked.HTTP": "0.0.1-beta.30"
        }
      },
      "Microsoft.Extensions.Hosting.Systemd": {
        "type": "Direct",
        "requested": "[9.0.16, )",
        "resolved": "9.0.16",
        "contentHash": "RiYB5QJHUdUSRETtIJkBuINYsf1Rx5P512UGiHqtsC7CXa00zrKqP3umsjj5+mQ+I0bmWd+K9qUZivBdvUzg9Q==",
        "dependencies": {
          "Microsoft.Extensions.Hosting": "9.0.16"
        }
      },
      "Microsoft.Extensions.Hosting.WindowsServices": {
        "type": "Direct",
        "requested": "[8.0.1, )",
        "resolved": "8.0.1",
        "contentHash": "5p0tjMDpr8tgzjBdu9Rzk8lUU/PaR1D3Us52XZypl85QTxfAjthR1+YywB3GsGc+FOZWdpuEDsV8kZisEC2Hng==",
        "dependencies": {
          "Microsoft.Extensions.Hosting": "8.0.1",
          "Microsoft.Extensions.Logging.EventLog": "8.0.1",
          "System.ServiceProcess.ServiceController": "8.0.1"
        }
      },
      "RuntimeUpgradeNotifier": {
        "type": "Direct",
        "requested": "[1.2.0-beta.1, )",
        "resolved": "1.2.0-beta.1",
        "contentHash": "XjzNBeuz2sGsDTbUnCmdACv+q2p0KNpeDNDHenTaijUy90l+mGkL22pIZLI6HUfh5jdBHGAXAjqmt2SfDJqx4g==",
        "dependencies": {
          "Microsoft.Extensions.Logging.Abstractions": "8.0.3",
          "System.Management": "10.0.8"
        }
      },
      "ThrottleDebounce": {
        "type": "Direct",
        "requested": "[3.0.0-beta6, )",
        "resolved": "3.0.0-beta6",
        "contentHash": "hLr071LwvbfwNvjsnEb5FP7BNnmu4qG6++ZHAdVEaLCv01BQ9m3G1PLKv/C8DPJ9hFcs+3EUNh+c9/Lg459HIw==",
        "dependencies": {
          "Microsoft.CSharp": "4.7.0"
        }
      },
      "Unfucked.DI": {
        "type": "Direct",
        "requested": "[0.0.1-beta.16, )",
        "resolved": "0.0.1-beta.16",
        "contentHash": "HvPaEc/Vsd111hcvl9Pv/6nrJt6XZjvKG2WKpoYHM+/vB56ykWAsjf2pn2Lewj/ZWBOEi/iMSKMLD9YZEuNlWg==",
        "dependencies": {
          "Unfucked": "0.0.1-beta.40"
        }
      },
      "Unfucked.HTTP": {
        "type": "Direct",
        "requested": "[0.0.1-beta.30, )",
        "resolved": "0.0.1-beta.30",
        "contentHash": "fxy4YbkQuKMopnRaPdwMT3y2jDzz0okL/Ia+4yXbNKChDn2rLxS0Fe8rIIjDGBNLlfOW/zWcc9v0t7bxf3jHTw==",
        "dependencies": {
          "Unfucked": "0.0.1-beta.40"
        }
      },
      "Unfucked.STUN": {
        "type": "Direct",
        "requested": "[0.0.1-beta.4, )",
        "resolved": "0.0.1-beta.4",
        "contentHash": "xn0kFYKK7F0Ns8OFmvHPz6YsTbxp1+izIUzH0ayVJFov79Bf1MUc2w5kjBBWPAZYn+MkZNu/VRdg+e8oOPw7kA==",
        "dependencies": {
          "Stun.Net": "9.0.1",
          "Unfucked": "0.0.1-beta.31",
          "Unfucked.Caching": "0.0.1-beta.3"
        }
      },
      "Microsoft.CSharp": {
        "type": "Transitive",
        "resolved": "4.7.0",
        "contentHash": "pTj+D3uJWyN3My70i2Hqo+OXixq3Os2D1nJ2x92FFo6sk8fYS1m1WLNTs0Dc1uPaViH0YvEEwvzddQ7y4rhXmA=="
      },
      "Microsoft.Extensions.Configuration": {
        "type": "Transitive",
        "resolved": "9.0.16",
        "contentHash": "QetFHhyFfoKjFeZCHl2gLrMFzTfMpy/F805+gYKnZjonG/QvHJNHiP1M8wlziHYqI8qsG/1B8gX6lAUivj202g==",
        "dependencies": {
          "Microsoft.Extensions.Configuration.Abstractions": "9.0.16",
          "Microsoft.Extensions.Primitives": "9.0.16"
        }
      },
      "Microsoft.Extensions.Configuration.Abstractions": {
        "type": "Transitive",
        "resolved": "9.0.16",
        "contentHash": "+Hgfx2NC+lLG7S47DxhASWp9bbCuEPyzO7s/JTJ9DLc0QXpFTBdJVQouoHaqqQCOD+78k+Np+/cSaQdqrhrf5g==",
        "dependencies": {
          "Microsoft.Extensions.Primitives": "9.0.16"
        }
      },
      "Microsoft.Extensions.Configuration.Binder": {
        "type": "Transitive",
        "resolved": "9.0.16",
        "contentHash": "TCDQP8lhJJ2tCINCrgwSzfTPVAHSemXj+awfkY1n6F1qxuojz0kQlUId/21qfN02cosyHHb0fQlJtaJyYn1VYw==",
        "dependencies": {
          "Microsoft.Extensions.Configuration.Abstractions": "9.0.16"
        }
      },
      "Microsoft.Extensions.Configuration.CommandLine": {
        "type": "Transitive",
        "resolved": "9.0.16",
        "contentHash": "TkgpOqiVnS+sr0qf91IuZqosRJ7+tWcUgYdUMovkgocvECFrXtUpouS2sCM3NgXPcxS2LlNrc7SYleDmwEX4zQ==",
        "dependencies": {
          "Microsoft.Extensions.Configuration": "9.0.16",
          "Microsoft.Extensions.Configuration.Abstractions": "9.0.16"
        }
      },
      "Microsoft.Extensions.Configuration.EnvironmentVariables": {
        "type": "Transitive",
        "resolved": "9.0.16",
        "contentHash": "cuZm5fbFVbe3ylEXV43IhJcsUZ0jhdh7Km9F0AMuYSyfjPNeJItzTlNxQdts4Y0LjfNl7cIFEEkJ13zJmXC8iA==",
        "dependencies": {
          "Microsoft.Extensions.Configuration": "9.0.16",
          "Microsoft.Extensions.Configuration.Abstractions": "9.0.16"
        }
      },
      "Microsoft.Extensions.Configuration.FileExtensions": {
        "type": "Transitive",
        "resolved": "9.0.16",
        "contentHash": "Pyk9/H+V7PSibfJgu0yEWi9wwunct5I1XMUNsvLyOH5aH5hJL07deJBY5Q+h9zatl+Uw6us+34c4az/x3Z0oRA==",
        "dependencies": {
          "Microsoft.Extensions.Configuration": "9.0.16",
          "Microsoft.Extensions.Configuration.Abstractions": "9.0.16",
          "Microsoft.Extensions.FileProviders.Abstractions": "9.0.16",
          "Microsoft.Extensions.FileProviders.Physical": "9.0.16",
          "Microsoft.Extensions.Primitives": "9.0.16"
        }
      },
      "Microsoft.Extensions.Configuration.Json": {
        "type": "Transitive",
        "resolved": "9.0.16",
        "contentHash": "vuuJyt3Ic262mpZxDcR5/LHmswQ68OcqKp+lS96nrWEHdxJ6NCtmouNoT136Ea06/l5Lat5KzC05JRGSJIN+ow==",
        "dependencies": {
          "Microsoft.Extensions.Configuration": "9.0.16",
          "Microsoft.Extensions.Configuration.Abstractions": "9.0.16",
          "Microsoft.Extensions.Configuration.FileExtensions": "9.0.16",
          "Microsoft.Extensions.FileProviders.Abstractions": "9.0.16",
          "System.Text.Json": "9.0.16"
        }
      },
      "Microsoft.Extensions.Configuration.UserSecrets": {
        "type": "Transitive",
        "resolved": "9.0.16",
        "contentHash": "+roFrhfQW7V/AufiXHIJz9lcH9NUnaqVYXxpongLcsuOtT0BJAMFwbmQ+T7D9QhUctoxE0O/O+1myrTdX80eqA==",
        "dependencies": {
          "Microsoft.Extensions.Configuration.Abstractions": "9.0.16",
          "Microsoft.Extensions.Configuration.Json": "9.0.16",
          "Microsoft.Extensions.FileProviders.Abstractions": "9.0.16",
          "Microsoft.Extensions.FileProviders.Physical": "9.0.16"
        }
      },
      "Microsoft.Extensions.DependencyInjection": {
        "type": "Transitive",
        "resolved": "9.0.16",
        "contentHash": "ehl4zyK3uUAPX+sQWIzlcavpfWJVb5vl468tI71x5BRzE1Q/1co9OLYmTdEQtVS8qd0GO7RQK/nz6lZha1+Stw==",
        "dependencies": {
          "Microsoft.Extensions.DependencyInjection.Abstractions": "9.0.16"
        }
      },
      "Microsoft.Extensions.DependencyInjection.Abstractions": {
        "type": "Transitive",
        "resolved": "9.0.16",
        "contentHash": "nluyqL58OHcU2M1qFx2QXBa0miA4yUfQBX2J98hHKRrsigtVEJzQYPMDhwDeBaX4qyjI3f3rX+uOsP5lAwPJpg=="
      },
      "Microsoft.Extensions.Diagnostics": {
        "type": "Transitive",
        "resolved": "9.0.16",
        "contentHash": "jWzHYEyzZ2qg2/oest9aw/b3boJ7wnJQIUBj+vJ6S64dGhQkZtQBL5hopc8uNP9Vw0ztmk3TmXHDUa3Oahpfog==",
        "dependencies": {
          "Microsoft.Extensions.Configuration": "9.0.16",
          "Microsoft.Extensions.Diagnostics.Abstractions": "9.0.16",
          "Microsoft.Extensions.Options.ConfigurationExtensions": "9.0.16"
        }
      },
      "Microsoft.Extensions.Diagnostics.Abstractions": {
        "type": "Transitive",
        "resolved": "9.0.16",
        "contentHash": "s3ChbLRrXUOJ9Ar/Ba+3hnOXVXktnvt85OwnqBvNicIZoCWicz7+I5yFCUUw6qs/paKAOmHooLebeJvhFgP7Eg==",
        "dependencies": {
          "Microsoft.Extensions.DependencyInjection.Abstractions": "9.0.16",
          "Microsoft.Extensions.Options": "9.0.16",
          "System.Diagnostics.DiagnosticSource": "9.0.16"
        }
      },
      "Microsoft.Extensions.FileProviders.Abstractions": {
        "type": "Transitive",
        "resolved": "9.0.16",
        "contentHash": "/YLSWDs+p0Y4+UGPoWI3uUNq7R5/f/8zw8XeViuhfSTGnPowoqbllBE9aR4TteFgNfIH4IHkhUwSlhMLB0aL8g==",
        "dependencies": {
          "Microsoft.Extensions.Primitives": "9.0.16"
        }
      },
      "Microsoft.Extensions.FileProviders.Physical": {
        "type": "Transitive",
        "resolved": "9.0.16",
        "contentHash": "jRD7Q/gUMwcd3qhjv+j72apkLhxV0bci1AiqUVAZ9Cy53XgZG1Qwy4/MVxUN4xh8F0L/J8UP0l4+FLnhfZnJ7A==",
        "dependencies": {
          "Microsoft.Extensions.FileProviders.Abstractions": "9.0.16",
          "Microsoft.Extensions.FileSystemGlobbing": "9.0.16",
          "Microsoft.Extensions.Primitives": "9.0.16"
        }
      },
      "Microsoft.Extensions.FileSystemGlobbing": {
        "type": "Transitive",
        "resolved": "9.0.16",
        "contentHash": "e+DBK3rmeR4UUUprclszcOu1b6KB6sVpyw2fL7WQLSEt2D29NMFZpEa+2VeFzZWm7IAou7ELBq67LtWs6H6CXQ=="
      },
      "Microsoft.Extensions.Hosting": {
        "type": "Transitive",
        "resolved": "9.0.16",
        "contentHash": "wUC+M53SEbM7Q94ZXn+QryyZTPMJrouqv8x+r8rCOqwVE2ixOgjVmdjDRdE3mCI+3rVC5DGElPxihjDQm5N4Ww==",
        "dependencies": {
          "Microsoft.Extensions.Configuration": "9.0.16",
          "Microsoft.Extensions.Configuration.Abstractions": "9.0.16",
          "Microsoft.Extensions.Configuration.Binder": "9.0.16",
          "Microsoft.Extensions.Configuration.CommandLine": "9.0.16",
          "Microsoft.Extensions.Configuration.EnvironmentVariables": "9.0.16",
          "Microsoft.Extensions.Configuration.FileExtensions": "9.0.16",
          "Microsoft.Extensions.Configuration.Json": "9.0.16",
          "Microsoft.Extensions.Configuration.UserSecrets": "9.0.16",
          "Microsoft.Extensions.DependencyInjection": "9.0.16",
          "Microsoft.Extensions.DependencyInjection.Abstractions": "9.0.16",
          "Microsoft.Extensions.Diagnostics": "9.0.16",
          "Microsoft.Extensions.FileProviders.Abstractions": "9.0.16",
          "Microsoft.Extensions.FileProviders.Physical": "9.0.16",
          "Microsoft.Extensions.Hosting.Abstractions": "9.0.16",
          "Microsoft.Extensions.Logging": "9.0.16",
          "Microsoft.Extensions.Logging.Abstractions": "9.0.16",
          "Microsoft.Extensions.Logging.Configuration": "9.0.16",
          "Microsoft.Extensions.Logging.Console": "9.0.16",
          "Microsoft.Extensions.Logging.Debug": "9.0.16",
          "Microsoft.Extensions.Logging.EventLog": "9.0.16",
          "Microsoft.Extensions.Logging.EventSource": "9.0.16",
          "Microsoft.Extensions.Options": "9.0.16"
        }
      },
      "Microsoft.Extensions.Hosting.Abstractions": {
        "type": "Transitive",
        "resolved": "9.0.16",
        "contentHash": "YR0XBb6NvUTqhRriuQ64OE5fJaidaXgJVIm8Z87c0js5CdHNVFbvKsYw+mXc8xdPBttR1pnZAVhTeEs/7XAPdQ==",
        "dependencies": {
          "Microsoft.Extensions.Configuration.Abstractions": "9.0.16",
          "Microsoft.Extensions.DependencyInjection.Abstractions": "9.0.16",
          "Microsoft.Extensions.Diagnostics.Abstractions": "9.0.16",
          "Microsoft.Extensions.FileProviders.Abstractions": "9.0.16",
          "Microsoft.Extensions.Logging.Abstractions": "9.0.16"
        }
      },
      "Microsoft.Extensions.Logging": {
        "type": "Transitive",
        "resolved": "9.0.16",
        "contentHash": "EDI3wGfdlvcOSfYC00NaqW60JibBN7iHlJrrlQwL2cjW+ajDWC+ajGd0oX8iSGNfQRdM8/YMTw4Dk/9xPmpubA==",
        "dependencies": {
          "Microsoft.Extensions.DependencyInjection": "9.0.16",
          "Microsoft.Extensions.Logging.Abstractions": "9.0.16",
          "Microsoft.Extensions.Options": "9.0.16"
        }
      },
      "Microsoft.Extensions.Logging.Abstractions": {
        "type": "Transitive",
        "resolved": "9.0.16",
        "contentHash": "dxeqqtPo1y1HjOKehfGiFWALIVw2dj0pMsPW412ksvKE6k54ZBEQ7/9xAdVpE7Mh5BboJOV58PC7gdATmxKkSA==",
        "dependencies": {
          "Microsoft.Extensions.DependencyInjection.Abstractions": "9.0.16",
          "System.Diagnostics.DiagnosticSource": "9.0.16"
        }
      },
      "Microsoft.Extensions.Logging.Configuration": {
        "type": "Transitive",
        "resolved": "9.0.16",
        "contentHash": "4Zo0HZ9djG934msWpuiySApjHu/mNIMImg9HXTspiioJ0t2yJd9pzZu95JeNFWGUXm7xbOc3imApm40w8KRD0g==",
        "dependencies": {
          "Microsoft.Extensions.Configuration": "9.0.16",
          "Microsoft.Extensions.Configuration.Abstractions": "9.0.16",
          "Microsoft.Extensions.Configuration.Binder": "9.0.16",
          "Microsoft.Extensions.DependencyInjection.Abstractions": "9.0.16",
          "Microsoft.Extensions.Logging": "9.0.16",
          "Microsoft.Extensions.Logging.Abstractions": "9.0.16",
          "Microsoft.Extensions.Options": "9.0.16",
          "Microsoft.Extensions.Options.ConfigurationExtensions": "9.0.16"
        }
      },
      "Microsoft.Extensions.Logging.Console": {
        "type": "Transitive",
        "resolved": "9.0.16",
        "contentHash": "/YObGGT538kf2o4zOf9a2hzaXxmmGXFtHsWpJ1xJ7Dn36qvIZg354pLBTCYA9TWhf9WuGKdmlIblznomD0TsDg==",
        "dependencies": {
          "Microsoft.Extensions.DependencyInjection.Abstractions": "9.0.16",
          "Microsoft.Extensions.Logging": "9.0.16",
          "Microsoft.Extensions.Logging.Abstractions": "9.0.16",
          "Microsoft.Extensions.Logging.Configuration": "9.0.16",
          "Microsoft.Extensions.Options": "9.0.16",
          "System.Text.Json": "9.0.16"
        }
      },
      "Microsoft.Extensions.Logging.Debug": {
        "type": "Transitive",
        "resolved": "9.0.16",
        "contentHash": "xkbTXn7tEFVcJ+sg6FC5BIi6B8WalqC/r8oN3afbu2GHAAhKSwEpXSDwnQ275PIuE0fMMLn/zb6xmOCaMMmJhA==",
        "dependencies": {
          "Microsoft.Extensions.DependencyInjection.Abstractions": "9.0.16",
          "Microsoft.Extensions.Logging": "9.0.16",
          "Microsoft.Extensions.Logging.Abstractions": "9.0.16"
        }
      },
      "Microsoft.Extensions.Logging.EventLog": {
        "type": "Transitive",
        "resolved": "9.0.16",
        "contentHash": "XESidi84NmzylvYKFsdbhhhy1+sWCfsgJVpxym4FFq4kpbpRCskyAzhG9hcZ204aG7GeELYziKaf/QU6knYFwA==",
        "dependencies": {
          "Microsoft.Extensions.DependencyInjection.Abstractions": "9.0.16",
          "Microsoft.Extensions.Logging": "9.0.16",
          "Microsoft.Extensions.Logging.Abstractions": "9.0.16",
          "Microsoft.Extensions.Options": "9.0.16",
          "System.Diagnostics.EventLog": "9.0.16"
        }
      },
      "Microsoft.Extensions.Logging.EventSource": {
        "type": "Transitive",
        "resolved": "9.0.16",
        "contentHash": "OHi/HFNcSf8TE2iKbBI5zdnBuxRGvpZ4a/wd2UPpJf5T6yUbI0yPujTjR4U3dhwtaGmg3y5G+br7gDUb3US3Fw==",
        "dependencies": {
          "Microsoft.Extensions.DependencyInjection.Abstractions": "9.0.16",
          "Microsoft.Extensions.Logging": "9.0.16",
          "Microsoft.Extensions.Logging.Abstractions": "9.0.16",
          "Microsoft.Extensions.Options": "9.0.16",
          "Microsoft.Extensions.Primitives": "9.0.16",
          "System.Text.Json": "9.0.16"
        }
      },
      "Microsoft.Extensions.Options": {
        "type": "Transitive",
        "resolved": "9.0.16",
        "contentHash": "y6d58Ua9dJYrEKfcWFoPnA/K8id/WEIpcvAhk5Iu7w3vIBTQNmHhurWKAYuesfuLaZhHEKOXueruRp4l0Y74Vw==",
        "dependencies": {
          "Microsoft.Extensions.DependencyInjection.Abstractions": "9.0.16",
          "Microsoft.Extensions.Primitives": "9.0.16"
        }
      },
      "Microsoft.Extensions.Options.ConfigurationExtensions": {
        "type": "Transitive",
        "resolved": "9.0.16",
        "contentHash": "LVmbIxVIV7wRU3ZQTV+1/cfpJ48fI/95vUNyvy5yT1p73sZFrfIlnoMEYkgqwlaAIpl9w3J/9MwNoLkefidfaw==",
        "dependencies": {
          "Microsoft.Extensions.Configuration.Abstractions": "9.0.16",
          "Microsoft.Extensions.Configuration.Binder": "9.0.16",
          "Microsoft.Extensions.DependencyInjection.Abstractions": "9.0.16",
          "Microsoft.Extensions.Options": "9.0.16",
          "Microsoft.Extensions.Primitives": "9.0.16"
        }
      },
      "Microsoft.Extensions.Primitives": {
        "type": "Transitive",
        "resolved": "9.0.16",
        "contentHash": "w5RE1MR0lnAElsRJaFd2POIXl/H62aBKmfX8ibYmRmbk0JB9V/9jR0VD5NxiP1ETWpnDAnPguTSe7fF/FdsHEQ=="
      },
      "Microsoft.VisualStudio.Threading.Only": {
        "type": "Transitive",
        "resolved": "17.14.15",
        "contentHash": "NqONyw1RXyj9P3k5e1uU2k9kc1ptwuU5NJQzG+MPq7vQVHUzBY8HLuJf/N2Rw5H/myD96CVxziDxmjawPuzntw==",
        "dependencies": {
          "Microsoft.VisualStudio.Validation": "17.8.8"
        }
      },
      "Microsoft.VisualStudio.Validation": {
        "type": "Transitive",
        "resolved": "17.8.8",
        "contentHash": "rWXThIpyQd4YIXghNkiv2+VLvzS+MCMKVRDR0GAMlflsdo+YcAN2g2r5U1Ah98OFjQMRexTFtXQQ2LkajxZi3g=="
      },
      "Pipelines.Extensions": {
        "type": "Transitive",
        "resolved": "1.1.0",
        "contentHash": "lVslXo3hUnEtdjWodrXCsrOu/nIuSpS6AyuYdWcZmEfZU3pnvWMuW/tleKdClNul0wJMiJg0a1xg1+Etssv8ig==",
        "dependencies": {
          "Microsoft.VisualStudio.Threading.Only": "17.14.15",
          "System.IO.Pipelines": "9.0.9"
        }
      },
      "Socks5": {
        "type": "Transitive",
        "resolved": "1.1.0",
        "contentHash": "h+CBFigLGzl+EdMInZnvIyveAKkgum39qdOc9PXFko6uwpSQGRdVDL7ue/fGF3NkCSqzDlQ5cVS+DO+RBYl4vg==",
        "dependencies": {
          "Pipelines.Extensions": "1.1.0"
        }
      },
      "Stun.Net": {
        "type": "Transitive",
        "resolved": "9.0.1",
        "contentHash": "PvJ7OC4hQ3kgxO/vL4MuRknoR7pyWuo6SQ4xWB/gd0mcpIF08ttTHELKoXv1E/6YDCBIJ/ph5MkXrpQsrSRQyQ==",
        "dependencies": {
          "Socks5": "1.1.0"
        }
      },
      "System.CodeDom": {
        "type": "Transitive",
        "resolved": "10.0.8",
        "contentHash": "23AxxQYf5rjSmsawFw8kCVLRvvCIKMCnZWnRzBcHkzwsBra5eTv4k88BV6fEN+f3FVHO7PneZj3LOEyQnnPhTA=="
      },
      "System.Diagnostics.DiagnosticSource": {
        "type": "Transitive",
        "resolved": "9.0.16",
        "contentHash": "ySTgsUUQTqRhdRyvOhjm/E5AWC1bx7VFhCZvA70dZJ178/TcJ/g1dPEHVer1PFNSL2QjUB8gpe8F+4OblV2Zfg=="
      },
      "System.Diagnostics.EventLog": {
        "type": "Transitive",
        "resolved": "9.0.16",
        "contentHash": "5F4P3HueZD01i/WhfeYmQXssk1dFiFt7o9n69gTD7Gn060fe8rGY9bqbzkuMl22LSXy+tJiIJEyEBFGJvLL5mg=="
      },
      "System.IO.Pipelines": {
        "type": "Transitive",
        "resolved": "9.0.16",
        "contentHash": "wULNihoFgu6JMzwxSbvG2fYtp8h3dxM8aIzcvQv535aMRECy+c3b8YL5m/36vwETPOcRJjyIN8SASTITdm8JZg=="
      },
      "System.Management": {
        "type": "Transitive",
        "resolved": "10.0.8",
        "contentHash": "8GgwcQgAv1Xg0z4vkJ759AJOFbZpK17cX9+21SOHo+KXS+VUhwSBeFSzjDJyyaEiJwgQ0D5sGnfpEs2hjyZrmA==",
        "dependencies": {
          "System.CodeDom": "10.0.8"
        }
      },
      "System.ServiceProcess.ServiceController": {
        "type": "Transitive",
        "resolved": "8.0.1",
        "contentHash": "02I0BXo1kmMBgw03E8Hu4K6nTqur4wpQdcDZrndczPzY2fEoGvlinE35AWbyzLZ2h2IksEZ6an4tVt3hi9j1oA==",
        "dependencies": {
          "System.Diagnostics.EventLog": "8.0.1"
        }
      },
      "System.Text.Encodings.Web": {
        "type": "Transitive",
        "resolved": "9.0.16",
        "contentHash": "860BMNxGLHCc8QWHb+ERfDgzEIsRk3GXZnWYMyMmynuFNAoabHhWSWBElPbzI839MBf+hUJWADp/1rLH1+/2Eg=="
      },
      "System.Text.Json": {
        "type": "Transitive",
        "resolved": "9.0.16",
        "contentHash": "BgvJQq4uc6jOiiuZ/5LTxrZ+hXTmnm/Q/Sq9/RM2LtBqY8YSA7UB8NgF6j0ZdqWrfvk9Z8AfwV+WMTONIOXESw==",
        "dependencies": {
          "System.IO.Pipelines": "9.0.16",
          "System.Text.Encodings.Web": "9.0.16"
        }
      },
      "Unfucked": {
        "type": "Transitive",
        "resolved": "0.0.1-beta.40",
        "contentHash": "9V3WIbszgP5JPkbeoy3N5kA3WRqnXLXNV0Zi4X/LO0gW/uCrTar7714juleFVaE2KWPtrS5Me245PprN86Vy/A=="
      },
      "Unfucked.Caching": {
        "type": "Transitive",
        "resolved": "0.0.1-beta.3",
        "contentHash": "TRHrSn79hGh/EBHiciUU/uXj5UBqo2CTaiwFfQqomDj6ak3VdkVkZzHyF7WAk7xkLBRIIP7NciLoftP6RsFnBw=="
      }
    },
    "net8.0-windows7.0/win-arm64": {
      "System.Diagnostics.EventLog": {
        "type": "Transitive",
        "resolved": "9.0.16",
        "contentHash": "5F4P3HueZD01i/WhfeYmQXssk1dFiFt7o9n69gTD7Gn060fe8rGY9bqbzkuMl22LSXy+tJiIJEyEBFGJvLL5mg=="
      },
      "System.Management": {
        "type": "Transitive",
        "resolved": "10.0.8",
        "contentHash": "8GgwcQgAv1Xg0z4vkJ759AJOFbZpK17cX9+21SOHo+KXS+VUhwSBeFSzjDJyyaEiJwgQ0D5sGnfpEs2hjyZrmA==",
        "dependencies": {
          "System.CodeDom": "10.0.8"
        }
      },
      "System.ServiceProcess.ServiceController": {
        "type": "Transitive",
        "resolved": "8.0.1",
        "contentHash": "02I0BXo1kmMBgw03E8Hu4K6nTqur4wpQdcDZrndczPzY2fEoGvlinE35AWbyzLZ2h2IksEZ6an4tVt3hi9j1oA==",
        "dependencies": {
          "System.Diagnostics.EventLog": "8.0.1"
        }
      },
      "System.Text.Encodings.Web": {
        "type": "Transitive",
        "resolved": "9.0.16",
        "contentHash": "860BMNxGLHCc8QWHb+ERfDgzEIsRk3GXZnWYMyMmynuFNAoabHhWSWBElPbzI839MBf+hUJWADp/1rLH1+/2Eg=="
      }
    },
    "net8.0-windows7.0/win-x64": {
      "System.Diagnostics.EventLog": {
        "type": "Transitive",
        "resolved": "9.0.16",
        "contentHash": "5F4P3HueZD01i/WhfeYmQXssk1dFiFt7o9n69gTD7Gn060fe8rGY9bqbzkuMl22LSXy+tJiIJEyEBFGJvLL5mg=="
      },
      "System.Management": {
        "type": "Transitive",
        "resolved": "10.0.8",
        "contentHash": "8GgwcQgAv1Xg0z4vkJ759AJOFbZpK17cX9+21SOHo+KXS+VUhwSBeFSzjDJyyaEiJwgQ0D5sGnfpEs2hjyZrmA==",
        "dependencies": {
          "System.CodeDom": "10.0.8"
        }
      },
      "System.ServiceProcess.ServiceController": {
        "type": "Transitive",
        "resolved": "8.0.1",
        "contentHash": "02I0BXo1kmMBgw03E8Hu4K6nTqur4wpQdcDZrndczPzY2fEoGvlinE35AWbyzLZ2h2IksEZ6an4tVt3hi9j1oA==",
        "dependencies": {
          "System.Diagnostics.EventLog": "8.0.1"
        }
      },
      "System.Text.Encodings.Web": {
        "type": "Transitive",
        "resolved": "9.0.16",
        "contentHash": "860BMNxGLHCc8QWHb+ERfDgzEIsRk3GXZnWYMyMmynuFNAoabHhWSWBElPbzI839MBf+hUJWADp/1rLH1+/2Eg=="
      }
    }
  }
}